
Microsoft Visual Studio Solution File, Format Version 12.00
# Visual Studio Version 17
VisualStudioVersion = 17.3.32922.545
MinimumVisualStudioVersion = 10.0.40219.1
Project("{FAE04EC0-301F-11D3-BF4B-00C04F79EFBC}") = "Backend", "Backend\Backend.csproj", "{008051CC-39DA-4DF0-91D6-2F473744A6D9}"
EndProject
Project("{FAE04EC0-301F-11D3-BF4B-00C04F79EFBC}") = "ShareView", "ShareView\ShareView.csproj", "{D662EE7A-1F09-43B2-AC54-6D4E47C94B37}"
EndProject
Project("{FAE04EC0-301F-11D3-BF4B-00C04F79EFBC}") = "CustomerSite", "CustomerSite\CustomerSite.csproj", "{C7D2C30C-6184-4966-8BAB-E7E5BB323437}"
EndProject
Global
	GlobalSection(SolutionConfigurationPlatforms) = preSolution
		Debug|Any CPU = Debug|Any CPU
		Release|Any CPU = Release|Any CPU
	EndGlobalSection
	GlobalSection(ProjectConfigurationPlatforms) = postSolution
		{008051CC-39DA-4DF0-91D6-2F473744A6D9}.Debug|Any CPU.ActiveCfg = Debug|Any CPU
		{008051CC-39DA-4DF0-91D6-2F473744A6D9}.Debug|Any CPU.Build.0 = Debug|Any CPU
		{008051CC-39DA-4DF0-91D6-2F473744A6D9}.Release|Any CPU.ActiveCfg = Release|Any CPU
		{008051CC-39DA-4DF0-91D6-2F473744A6D9}.Release|Any CPU.Build.0 = Release|Any CPU
		{D662EE7A-1F09-43B2-AC54-6D4E47C94B37}.Debug|Any CPU.ActiveCfg = Debug|Any CPU
		{D662EE7A-1F09-43B2-AC54-6D4E47C94B37}.Debug|Any CPU.Build.0 = Debug|Any CPU
		{D662EE7A-1F09-43B2-AC54-6D4E47C94B37}.Release|Any CPU.ActiveCfg = Release|Any CPU
		{D662EE7A-1F09-43B2-AC54-6D4E47C94B37}.Release|Any CPU.Build.0 = Release|Any CPU
		{C7D2C30C-6184-4966-8BAB-E7E5BB323437}.Debug|Any CPU.ActiveCfg = Debug|Any CPU
		{C7D2C30C-6184-4966-8BAB-E7E5BB323437}.Debug|Any CPU.Build.0 = Debug|Any CPU
		{C7D2C30C-6184-4966-8BAB-E7E5BB323437}.Release|Any CPU.ActiveCfg = Release|Any CPU
		{C7D2C30C-6184-4966-8BAB-E7E5BB323437}.Release|Any CPU.Build.0 = Release|Any CPU
	EndGlobalSection
	GlobalSection(SolutionProperties) = preSolution
		HideSolutionNode = FALSE
	EndGlobalSection
	GlobalSection(ExtensibilityGlobals) = postSolution
		SolutionGuid = {1FA565BA-3E47-46D9-922F-BC0641A4D280}
	EndGlobalSection
EndGlobal
