
Microsoft Visual Studio Solution File, Format Version 12.00
# Visual Studio Version 17
VisualStudioVersion = 17.3.32922.545
MinimumVisualStudioVersion = 10.0.40219.1
Project("{FAE04EC0-301F-11D3-BF4B-00C04F79EFBC}") = "Rookies_NguyenVuVanDuc_ELaptop", "Rookies_NguyenVuVanDuc_ELaptop\Rookies_NguyenVuVanDuc_ELaptop.csproj", "{8880A8D8-C4C6-4150-9612-A2613DCB4F29}"
EndProject
Global
	GlobalSection(SolutionConfigurationPlatforms) = preSolution
		Debug|Any CPU = Debug|Any CPU
		Release|Any CPU = Release|Any CPU
	EndGlobalSection
	GlobalSection(ProjectConfigurationPlatforms) = postSolution
		{8880A8D8-C4C6-4150-9612-A2613DCB4F29}.Debug|Any CPU.ActiveCfg = Debug|Any CPU
		{8880A8D8-C4C6-4150-9612-A2613DCB4F29}.Debug|Any CPU.Build.0 = Debug|Any CPU
		{8880A8D8-C4C6-4150-9612-A2613DCB4F29}.Release|Any CPU.ActiveCfg = Release|Any CPU
		{8880A8D8-C4C6-4150-9612-A2613DCB4F29}.Release|Any CPU.Build.0 = Release|Any CPU
	EndGlobalSection
	GlobalSection(SolutionProperties) = preSolution
		HideSolutionNode = FALSE
	EndGlobalSection
	GlobalSection(ExtensibilityGlobals) = postSolution
		SolutionGuid = {44DD5BA4-5D28-42F2-842D-B40619F175F1}
	EndGlobalSection
EndGlobal
